{
  "nodes": {
    "nixpkgs": {
      "locked": {
        "lastModified": 1786599213,
        "narHash": "sha256-yNJd40f11EzXBjSByCB7IPpeFFAdeoSKKM67dGkfFoU=",
        "owner": "NixOS",
        "repo": "nixpkgs",
        "rev": "0e251e24a4f24e036a084b6b4b2d2491af4167f4",
        "type": "github"
      },
      "original": {
        "owner": "NixOS",
        "ref": "nixos-unstable",
        "repo": "nixpkgs",
        "type": "github"
      }
    },
    "root": {
      "inputs": {
        "nixpkgs": "nixpkgs",
        "seams-core": "seams-core"
      }
    },
    "seams-core": {
      "flake": false,
      "locked": {
        "lastModified": 1786916029,
        "narHash": "sha256-lPYzaKudfSclb+MXwzaF56nZGKzA/Kb/Mhwh4/wR0gg=",
        "owner": "d-SEAMS",
        "repo": "seams-core",
        "rev": "eac5c6e4a81d59c1750dd0f6ed50df8bd2759674",
        "type": "github"
      },
      "original": {
        "owner": "d-SEAMS",
        "ref": "v2.4.0",
        "repo": "seams-core",
        "type": "github"
      }
    }
  },
  "root": "root",
  "version": 7
}
