{
  "nodes": {
    "nixpkgs": {
      "locked": {
        "lastModified": 1786599213,
        "narHash": "sha256-yNJd40f11EzXBjSByCB7IPpeFFAdeoSKKM67dGkfFoU=",
        "owner": "NixOS",
        "repo": "nixpkgs",
        "rev": "0e251e24a4f24e036a084b6b4b2d2491af4167f4",
        "type": "github"
      },
      "original": {
        "owner": "NixOS",
        "ref": "nixos-unstable",
        "repo": "nixpkgs",
        "type": "github"
      }
    },
    "root": {
      "inputs": {
        "nixpkgs": "nixpkgs",
        "seams-core": "seams-core"
      }
    },
    "seams-core": {
      "flake": false,
      "locked": {
        "lastModified": 1788375284,
        "narHash": "sha256-YdDCTOeLjbxFqt1tx2Xnso5p1dlJwqG18e9NKEA0iyo=",
        "owner": "d-SEAMS",
        "repo": "seams-core",
        "rev": "98fb0b94b1c19d245b4494b6f43a982f9bbcf2cb",
        "type": "github"
      },
      "original": {
        "owner": "d-SEAMS",
        "repo": "seams-core",
        "rev": "98fb0b94b1c19d245b4494b6f43a982f9bbcf2cb",
        "type": "github"
      }
    }
  },
  "root": "root",
  "version": 7
}
