{
  "nodes": {
    "nixpkgs": {
      "locked": {
        "lastModified": 1786599213,
        "narHash": "sha256-yNJd40f11EzXBjSByCB7IPpeFFAdeoSKKM67dGkfFoU=",
        "owner": "NixOS",
        "repo": "nixpkgs",
        "rev": "0e251e24a4f24e036a084b6b4b2d2491af4167f4",
        "type": "github"
      },
      "original": {
        "owner": "NixOS",
        "ref": "nixos-unstable",
        "repo": "nixpkgs",
        "type": "github"
      }
    },
    "root": {
      "inputs": {
        "nixpkgs": "nixpkgs",
        "seams-core": "seams-core"
      }
    },
    "seams-core": {
      "flake": false,
      "locked": {
        "lastModified": 1788378763,
        "narHash": "sha256-tx7EDN2RHAZ2/x/u00YHYjtpz0Cnv3RnXV3OEebX2EQ=",
        "owner": "d-SEAMS",
        "repo": "seams-core",
        "rev": "7fbfc5148ca4da6c9ed063d951d7be19ad1dbf2a",
        "type": "github"
      },
      "original": {
        "owner": "d-SEAMS",
        "repo": "seams-core",
        "rev": "7fbfc5148ca4da6c9ed063d951d7be19ad1dbf2a",
        "type": "github"
      }
    }
  },
  "root": "root",
  "version": 7
}
